
Microsoft Visual Studio Solution File, Format Version 12.00
# Visual Studio Version 17
VisualStudioVersion = 17.2.32616.157
MinimumVisualStudioVersion = 10.0.40219.1
Project("{FAE04EC0-301F-11D3-BF4B-00C04F79EFBC}") = "UserAuthenticate", "UserAuthenticate\UserAuthenticate.csproj", "{72530848-8B78-41A5-BC1C-C19D30051FF7}"
EndProject
Global
	GlobalSection(SolutionConfigurationPlatforms) = preSolution
		Debug|Any CPU = Debug|Any CPU
		Release|Any CPU = Release|Any CPU
	EndGlobalSection
	GlobalSection(ProjectConfigurationPlatforms) = postSolution
		{72530848-8B78-41A5-BC1C-C19D30051FF7}.Debug|Any CPU.ActiveCfg = Debug|Any CPU
		{72530848-8B78-41A5-BC1C-C19D30051FF7}.Debug|Any CPU.Build.0 = Debug|Any CPU
		{72530848-8B78-41A5-BC1C-C19D30051FF7}.Release|Any CPU.ActiveCfg = Release|Any CPU
		{72530848-8B78-41A5-BC1C-C19D30051FF7}.Release|Any CPU.Build.0 = Release|Any CPU
	EndGlobalSection
	GlobalSection(SolutionProperties) = preSolution
		HideSolutionNode = FALSE
	EndGlobalSection
	GlobalSection(ExtensibilityGlobals) = postSolution
		SolutionGuid = {E42020BF-E9B2-417D-AE5A-EB9ADAF9F8D2}
	EndGlobalSection
EndGlobal
